// !$*UTF8*$!
{
	archiveVersion = 1;
	classes = {
	};
	objectVersion = 46;
	objects = {

/* Begin PBXBuildFile section */
		B72634F51EDFC42B00FEA2B0 /* SwipeUpInteractiveTransition.swift in Sources */ = {isa = PBXBuildFile; fileRef = B78320F71EDEA5F200A5B05A /* SwipeUpInteractiveTransition.swift */; };
		B73C19E21EE02F90008EEA99 /* RightVcTransitionDelegate.swift in Sources */ = {isa = PBXBuildFile; fileRef = B73C19E11EE02F90008EEA99 /* RightVcTransitionDelegate.swift */; };
		B78320BB1EDE4EBC00A5B05A /* AppDelegate.swift in Sources */ = {isa = PBXBuildFile; fileRef = B78320BA1EDE4EBC00A5B05A /* AppDelegate.swift */; };
		B78320BD1EDE4EBC00A5B05A /* HomeViewController.swift in Sources */ = {isa = PBXBuildFile; fileRef = B78320BC1EDE4EBC00A5B05A /* HomeViewController.swift */; };
		B78320C01EDE4EBC00A5B05A /* Main.storyboard in Resources */ = {isa = PBXBuildFile; fileRef = B78320BE1EDE4EBC00A5B05A /* Main.storyboard */; };
		B78320C21EDE4EBC00A5B05A /* Assets.xcassets in Resources */ = {isa = PBXBuildFile; fileRef = B78320C11EDE4EBC00A5B05A /* Assets.xcassets */; };
		B78320C51EDE4EBC00A5B05A /* LaunchScreen.storyboard in Resources */ = {isa = PBXBuildFile; fileRef = B78320C31EDE4EBC00A5B05A /* LaunchScreen.storyboard */; };
		B78320D01EDE4EBC00A5B05A /* InstagramHomeTests.swift in Sources */ = {isa = PBXBuildFile; fileRef = B78320CF1EDE4EBC00A5B05A /* InstagramHomeTests.swift */; };
		B78320DB1EDE4EBC00A5B05A /* InstagramHomeUITests.swift in Sources */ = {isa = PBXBuildFile; fileRef = B78320DA1EDE4EBC00A5B05A /* InstagramHomeUITests.swift */; };
		B78320EC1EDE529400A5B05A /* LeftViewController.swift in Sources */ = {isa = PBXBuildFile; fileRef = B78320EB1EDE529400A5B05A /* LeftViewController.swift */; };
		B78320EE1EDE535400A5B05A /* LeftVcPresentTransition.swift in Sources */ = {isa = PBXBuildFile; fileRef = B78320ED1EDE535400A5B05A /* LeftVcPresentTransition.swift */; };
		B78320F01EDE608900A5B05A /* RightViewController.swift in Sources */ = {isa = PBXBuildFile; fileRef = B78320EF1EDE608900A5B05A /* RightViewController.swift */; };
		B78320F21EDE60A200A5B05A /* RightVcPushTransition.swift in Sources */ = {isa = PBXBuildFile; fileRef = B78320F11EDE60A200A5B05A /* RightVcPushTransition.swift */; };
		B78320F41EDE6EEA00A5B05A /* LeftVcTransitionDelegate.swift in Sources */ = {isa = PBXBuildFile; fileRef = B78320F31EDE6EEA00A5B05A /* LeftVcTransitionDelegate.swift */; };
/* End PBXBuildFile section */

/* Begin PBXContainerItemProxy section */
		B78320CC1EDE4EBC00A5B05A /* PBXContainerItemProxy */ = {
			isa = PBXContainerItemProxy;
			containerPortal = B78320AF1EDE4EBC00A5B05A /* Project object */;
			proxyType = 1;
			remoteGlobalIDString = B78320B61EDE4EBC00A5B05A;
			remoteInfo = InstagramHome;
		};
		B78320D71EDE4EBC00A5B05A /* PBXContainerItemProxy */ = {
			isa = PBXContainerItemProxy;
			containerPortal = B78320AF1EDE4EBC00A5B05A /* Project object */;
			proxyType = 1;
			remoteGlobalIDString = B78320B61EDE4EBC00A5B05A;
			remoteInfo = InstagramHome;
		};
/* End PBXContainerItemProxy section */

/* Begin PBXFileReference section */
		B73C19E11EE02F90008EEA99 /* RightVcTransitionDelegate.swift */ = {isa = PBXFileReference; fileEncoding = 4; lastKnownFileType = sourcecode.swift; path = RightVcTransitionDelegate.swift; sourceTree = "<group>"; };
		B78320B71EDE4EBC00A5B05A /* InsHome.app */ = {isa = PBXFileReference; explicitFileType = wrapper.application; includeInIndex = 0; path = InsHome.app; sourceTree = BUILT_PRODUCTS_DIR; };
		B78320BA1EDE4EBC00A5B05A /* AppDelegate.swift */ = {isa = PBXFileReference; lastKnownFileType = sourcecode.swift; path = AppDelegate.swift; sourceTree = "<group>"; };
		B78320BC1EDE4EBC00A5B05A /* HomeViewController.swift */ = {isa = PBXFileReference; lastKnownFileType = sourcecode.swift; path = HomeViewController.swift; sourceTree = "<group>"; };
		B78320BF1EDE4EBC00A5B05A /* Base */ = {isa = PBXFileReference; lastKnownFileType = file.storyboard; name = Base; path = Base.lproj/Main.storyboard; sourceTree = "<group>"; };
		B78320C11EDE4EBC00A5B05A /* Assets.xcassets */ = {isa = PBXFileReference; lastKnownFileType = folder.assetcatalog; path = Assets.xcassets; sourceTree = "<group>"; };
		B78320C41EDE4EBC00A5B05A /* Base */ = {isa = PBXFileReference; lastKnownFileType = file.storyboard; name = Base; path = Base.lproj/LaunchScreen.storyboard; sourceTree = "<group>"; };
		B78320C61EDE4EBC00A5B05A /* Info.plist */ = {isa = PBXFileReference; lastKnownFileType = text.plist.xml; path = Info.plist; sourceTree = "<group>"; };
		B78320CB1EDE4EBC00A5B05A /* InsHomeTests.xctest */ = {isa = PBXFileReference; explicitFileType = wrapper.cfbundle; includeInIndex = 0; path = InsHomeTests.xctest; sourceTree = BUILT_PRODUCTS_DIR; };
		B78320CF1EDE4EBC00A5B05A /* InstagramHomeTests.swift */ = {isa = PBXFileReference; lastKnownFileType = sourcecode.swift; path = InstagramHomeTests.swift; sourceTree = "<group>"; };
		B78320D11EDE4EBC00A5B05A /* Info.plist */ = {isa = PBXFileReference; lastKnownFileType = text.plist.xml; path = Info.plist; sourceTree = "<group>"; };
		B78320D61EDE4EBC00A5B05A /* InsHomeUITests.xctest */ = {isa = PBXFileReference; explicitFileType = wrapper.cfbundle; includeInIndex = 0; path = InsHomeUITests.xctest; sourceTree = BUILT_PRODUCTS_DIR; };
		B78320DA1EDE4EBC00A5B05A /* InstagramHomeUITests.swift */ = {isa = PBXFileReference; lastKnownFileType = sourcecode.swift; path = InstagramHomeUITests.swift; sourceTree = "<group>"; };
		B78320DC1EDE4EBC00A5B05A /* Info.plist */ = {isa = PBXFileReference; lastKnownFileType = text.plist.xml; path = Info.plist; sourceTree = "<group>"; };
		B78320EB1EDE529400A5B05A /* LeftViewController.swift */ = {isa = PBXFileReference; fileEncoding = 4; lastKnownFileType = sourcecode.swift; path = LeftViewController.swift; sourceTree = "<group>"; };
		B78320ED1EDE535400A5B05A /* LeftVcPresentTransition.swift */ = {isa = PBXFileReference; fileEncoding = 4; lastKnownFileType = sourcecode.swift; path = LeftVcPresentTransition.swift; sourceTree = "<group>"; };
		B78320EF1EDE608900A5B05A /* RightViewController.swift */ = {isa = PBXFileReference; fileEncoding = 4; lastKnownFileType = sourcecode.swift; path = RightViewController.swift; sourceTree = "<group>"; };
		B78320F11EDE60A200A5B05A /* RightVcPushTransition.swift */ = {isa = PBXFileReference; fileEncoding = 4; lastKnownFileType = sourcecode.swift; path = RightVcPushTransition.swift; sourceTree = "<group>"; };
		B78320F31EDE6EEA00A5B05A /* LeftVcTransitionDelegate.swift */ = {isa = PBXFileReference; fileEncoding = 4; lastKnownFileType = sourcecode.swift; path = LeftVcTransitionDelegate.swift; sourceTree = "<group>"; };
		B78320F71EDEA5F200A5B05A /* SwipeUpInteractiveTransition.swift */ = {isa = PBXFileReference; fileEncoding = 4; lastKnownFileType = sourcecode.swift; path = SwipeUpInteractiveTransition.swift; sourceTree = "<group>"; };
/* End PBXFileReference section */

/* Begin PBXFrameworksBuildPhase section */
		B78320B41EDE4EBC00A5B05A /* Frameworks */ = {
			isa = PBXFrameworksBuildPhase;
			buildActionMask = 2147483647;
			files = (
			);
			runOnlyForDeploymentPostprocessing = 0;
		};
		B78320C81EDE4EBC00A5B05A /* Frameworks */ = {
			isa = PBXFrameworksBuildPhase;
			buildActionMask = 2147483647;
			files = (
			);
			runOnlyForDeploymentPostprocessing = 0;
		};
		B78320D31EDE4EBC00A5B05A /* Frameworks */ = {
			isa = PBXFrameworksBuildPhase;
			buildActionMask = 2147483647;
			files = (
			);
			runOnlyForDeploymentPostprocessing = 0;
		};
/* End PBXFrameworksBuildPhase section */

/* Begin PBXGroup section */
		B78320AE1EDE4EBC00A5B05A = {
			isa = PBXGroup;
			children = (
				B78320B91EDE4EBC00A5B05A /* InstagramHome */,
				B78320CE1EDE4EBC00A5B05A /* InstagramHomeTests */,
				B78320D91EDE4EBC00A5B05A /* InstagramHomeUITests */,
				B78320B81EDE4EBC00A5B05A /* Products */,
			);
			sourceTree = "<group>";
		};
		B78320B81EDE4EBC00A5B05A /* Products */ = {
			isa = PBXGroup;
			children = (
				B78320B71EDE4EBC00A5B05A /* InsHome.app */,
				B78320CB1EDE4EBC00A5B05A /* InsHomeTests.xctest */,
				B78320D61EDE4EBC00A5B05A /* InsHomeUITests.xctest */,
			);
			name = Products;
			sourceTree = "<group>";
		};
		B78320B91EDE4EBC00A5B05A /* InstagramHome */ = {
			isa = PBXGroup;
			children = (
				B78320E91EDE527500A5B05A /* LeftVc */,
				B78320EA1EDE527500A5B05A /* RightVc */,
				B78320BA1EDE4EBC00A5B05A /* AppDelegate.swift */,
				B78320BC1EDE4EBC00A5B05A /* HomeViewController.swift */,
				B78320F71EDEA5F200A5B05A /* SwipeUpInteractiveTransition.swift */,
				B78320BE1EDE4EBC00A5B05A /* Main.storyboard */,
				B78320C11EDE4EBC00A5B05A /* Assets.xcassets */,
				B78320C31EDE4EBC00A5B05A /* LaunchScreen.storyboard */,
				B78320C61EDE4EBC00A5B05A /* Info.plist */,
			);
			path = InstagramHome;
			sourceTree = "<group>";
		};
		B78320CE1EDE4EBC00A5B05A /* InstagramHomeTests */ = {
			isa = PBXGroup;
			children = (
				B78320CF1EDE4EBC00A5B05A /* InstagramHomeTests.swift */,
				B78320D11EDE4EBC00A5B05A /* Info.plist */,
			);
			path = InstagramHomeTests;
			sourceTree = "<group>";
		};
		B78320D91EDE4EBC00A5B05A /* InstagramHomeUITests */ = {
			isa = PBXGroup;
			children = (
				B78320DA1EDE4EBC00A5B05A /* InstagramHomeUITests.swift */,
				B78320DC1EDE4EBC00A5B05A /* Info.plist */,
			);
			path = InstagramHomeUITests;
			sourceTree = "<group>";
		};
		B78320E91EDE527500A5B05A /* LeftVc */ = {
			isa = PBXGroup;
			children = (
				B78320EB1EDE529400A5B05A /* LeftViewController.swift */,
				B78320F31EDE6EEA00A5B05A /* LeftVcTransitionDelegate.swift */,
				B78320ED1EDE535400A5B05A /* LeftVcPresentTransition.swift */,
			);
			path = LeftVc;
			sourceTree = "<group>";
		};
		B78320EA1EDE527500A5B05A /* RightVc */ = {
			isa = PBXGroup;
			children = (
				B78320EF1EDE608900A5B05A /* RightViewController.swift */,
				B73C19E11EE02F90008EEA99 /* RightVcTransitionDelegate.swift */,
				B78320F11EDE60A200A5B05A /* RightVcPushTransition.swift */,
			);
			path = RightVc;
			sourceTree = "<group>";
		};
/* End PBXGroup section */

/* Begin PBXNativeTarget section */
		B78320B61EDE4EBC00A5B05A /* InsHome */ = {
			isa = PBXNativeTarget;
			buildConfigurationList = B78320DF1EDE4EBC00A5B05A /* Build configuration list for PBXNativeTarget "InsHome" */;
			buildPhases = (
				B78320B31EDE4EBC00A5B05A /* Sources */,
				B78320B41EDE4EBC00A5B05A /* Frameworks */,
				B78320B51EDE4EBC00A5B05A /* Resources */,
			);
			buildRules = (
			);
			dependencies = (
			);
			name = InsHome;
			productName = InstagramHome;
			productReference = B78320B71EDE4EBC00A5B05A /* InsHome.app */;
			productType = "com.apple.product-type.application";
		};
		B78320CA1EDE4EBC00A5B05A /* InsHomeTests */ = {
			isa = PBXNativeTarget;
			buildConfigurationList = B78320E21EDE4EBC00A5B05A /* Build configuration list for PBXNativeTarget "InsHomeTests" */;
			buildPhases = (
				B78320C71EDE4EBC00A5B05A /* Sources */,
				B78320C81EDE4EBC00A5B05A /* Frameworks */,
				B78320C91EDE4EBC00A5B05A /* Resources */,
			);
			buildRules = (
			);
			dependencies = (
				B78320CD1EDE4EBC00A5B05A /* PBXTargetDependency */,
			);
			name = InsHomeTests;
			productName = InstagramHomeTests;
			productReference = B78320CB1EDE4EBC00A5B05A /* InsHomeTests.xctest */;
			productType = "com.apple.product-type.bundle.unit-test";
		};
		B78320D51EDE4EBC00A5B05A /* InsHomeUITests */ = {
			isa = PBXNativeTarget;
			buildConfigurationList = B78320E51EDE4EBC00A5B05A /* Build configuration list for PBXNativeTarget "InsHomeUITests" */;
			buildPhases = (
				B78320D21EDE4EBC00A5B05A /* Sources */,
				B78320D31EDE4EBC00A5B05A /* Frameworks */,
				B78320D41EDE4EBC00A5B05A /* Resources */,
			);
			buildRules = (
			);
			dependencies = (
				B78320D81EDE4EBC00A5B05A /* PBXTargetDependency */,
			);
			name = InsHomeUITests;
			productName = InstagramHomeUITests;
			productReference = B78320D61EDE4EBC00A5B05A /* InsHomeUITests.xctest */;
			productType = "com.apple.product-type.bundle.ui-testing";
		};
/* End PBXNativeTarget section */

/* Begin PBXProject section */
		B78320AF1EDE4EBC00A5B05A /* Project object */ = {
			isa = PBXProject;
			attributes = {
				LastSwiftUpdateCheck = 0830;
				LastUpgradeCheck = 0830;
				ORGANIZATIONNAME = rain;
				TargetAttributes = {
					B78320B61EDE4EBC00A5B05A = {
						CreatedOnToolsVersion = 8.3.2;
						DevelopmentTeam = HPFGYJ88EX;
						ProvisioningStyle = Automatic;
					};
					B78320CA1EDE4EBC00A5B05A = {
						CreatedOnToolsVersion = 8.3.2;
						DevelopmentTeam = HPFGYJ88EX;
						ProvisioningStyle = Automatic;
						TestTargetID = B78320B61EDE4EBC00A5B05A;
					};
					B78320D51EDE4EBC00A5B05A = {
						CreatedOnToolsVersion = 8.3.2;
						DevelopmentTeam = HPFGYJ88EX;
						ProvisioningStyle = Automatic;
						TestTargetID = B78320B61EDE4EBC00A5B05A;
					};
				};
			};
			buildConfigurationList = B78320B21EDE4EBC00A5B05A /* Build configuration list for PBXProject "InsHome" */;
			compatibilityVersion = "Xcode 3.2";
			developmentRegion = English;
			hasScannedForEncodings = 0;
			knownRegions = (
				en,
				Base,
			);
			mainGroup = B78320AE1EDE4EBC00A5B05A;
			productRefGroup = B78320B81EDE4EBC00A5B05A /* Products */;
			projectDirPath = "";
			projectRoot = "";
			targets = (
				B78320B61EDE4EBC00A5B05A /* InsHome */,
				B78320CA1EDE4EBC00A5B05A /* InsHomeTests */,
				B78320D51EDE4EBC00A5B05A /* InsHomeUITests */,
			);
		};
/* End PBXProject section */

/* Begin PBXResourcesBuildPhase section */
		B78320B51EDE4EBC00A5B05A /* Resources */ = {
			isa = PBXResourcesBuildPhase;
			buildActionMask = 2147483647;
			files = (
				B78320C51EDE4EBC00A5B05A /* LaunchScreen.storyboard in Resources */,
				B78320C21EDE4EBC00A5B05A /* Assets.xcassets in Resources */,
				B78320C01EDE4EBC00A5B05A /* Main.storyboard in Resources */,
			);
			runOnlyForDeploymentPostprocessing = 0;
		};
		B78320C91EDE4EBC00A5B05A /* Resources */ = {
			isa = PBXResourcesBuildPhase;
			buildActionMask = 2147483647;
			files = (
			);
			runOnlyForDeploymentPostprocessing = 0;
		};
		B78320D41EDE4EBC00A5B05A /* Resources */ = {
			isa = PBXResourcesBuildPhase;
			buildActionMask = 2147483647;
			files = (
			);
			runOnlyForDeploymentPostprocessing = 0;
		};
/* End PBXResourcesBuildPhase section */

/* Begin PBXSourcesBuildPhase section */
		B78320B31EDE4EBC00A5B05A /* Sources */ = {
			isa = PBXSourcesBuildPhase;
			buildActionMask = 2147483647;
			files = (
				B78320EC1EDE529400A5B05A /* LeftViewController.swift in Sources */,
				B73C19E21EE02F90008EEA99 /* RightVcTransitionDelegate.swift in Sources */,
				B78320BD1EDE4EBC00A5B05A /* HomeViewController.swift in Sources */,
				B78320F01EDE608900A5B05A /* RightViewController.swift in Sources */,
				B78320BB1EDE4EBC00A5B05A /* AppDelegate.swift in Sources */,
				B78320F41EDE6EEA00A5B05A /* LeftVcTransitionDelegate.swift in Sources */,
				B78320F21EDE60A200A5B05A /* RightVcPushTransition.swift in Sources */,
				B78320EE1EDE535400A5B05A /* LeftVcPresentTransition.swift in Sources */,
				B72634F51EDFC42B00FEA2B0 /* SwipeUpInteractiveTransition.swift in Sources */,
			);
			runOnlyForDeploymentPostprocessing = 0;
		};
		B78320C71EDE4EBC00A5B05A /* Sources */ = {
			isa = PBXSourcesBuildPhase;
			buildActionMask = 2147483647;
			files = (
				B78320D01EDE4EBC00A5B05A /* InstagramHomeTests.swift in Sources */,
			);
			runOnlyForDeploymentPostprocessing = 0;
		};
		B78320D21EDE4EBC00A5B05A /* Sources */ = {
			isa = PBXSourcesBuildPhase;
			buildActionMask = 2147483647;
			files = (
				B78320DB1EDE4EBC00A5B05A /* InstagramHomeUITests.swift in Sources */,
			);
			runOnlyForDeploymentPostprocessing = 0;
		};
/* End PBXSourcesBuildPhase section */

/* Begin PBXTargetDependency section */
		B78320CD1EDE4EBC00A5B05A /* PBXTargetDependency */ = {
			isa = PBXTargetDependency;
			target = B78320B61EDE4EBC00A5B05A /* InsHome */;
			targetProxy = B78320CC1EDE4EBC00A5B05A /* PBXContainerItemProxy */;
		};
		B78320D81EDE4EBC00A5B05A /* PBXTargetDependency */ = {
			isa = PBXTargetDependency;
			target = B78320B61EDE4EBC00A5B05A /* InsHome */;
			targetProxy = B78320D71EDE4EBC00A5B05A /* PBXContainerItemProxy */;
		};
/* End PBXTargetDependency section */

/* Begin PBXVariantGroup section */
		B78320BE1EDE4EBC00A5B05A /* Main.storyboard */ = {
			isa = PBXVariantGroup;
			children = (
				B78320BF1EDE4EBC00A5B05A /* Base */,
			);
			name = Main.storyboard;
			sourceTree = "<group>";
		};
		B78320C31EDE4EBC00A5B05A /* LaunchScreen.storyboard */ = {
			isa = PBXVariantGroup;
			children = (
				B78320C41EDE4EBC00A5B05A /* Base */,
			);
			name = LaunchScreen.storyboard;
			sourceTree = "<group>";
		};
/* End PBXVariantGroup section */

/* Begin XCBuildConfiguration section */
		B78320DD1EDE4EBC00A5B05A /* Debug */ = {
			isa = XCBuildConfiguration;
			buildSettings = {
				ALWAYS_SEARCH_USER_PATHS = NO;
				CLANG_ANALYZER_NONNULL = YES;
				CLANG_ANALYZER_NUMBER_OBJECT_CONVERSION = YES_AGGRESSIVE;
				CLANG_CXX_LANGUAGE_STANDARD = "gnu++0x";
				CLANG_CXX_LIBRARY = "libc++";
				CLANG_ENABLE_MODULES = YES;
				CLANG_ENABLE_OBJC_ARC = YES;
				CLANG_WARN_BOOL_CONVERSION = YES;
				CLANG_WARN_CONSTANT_CONVERSION = YES;
				CLANG_WARN_DIRECT_OBJC_ISA_USAGE = YES_ERROR;
				CLANG_WARN_DOCUMENTATION_COMMENTS = YES;
				CLANG_WARN_EMPTY_BODY = YES;
				CLANG_WARN_ENUM_CONVERSION = YES;
				CLANG_WARN_INFINITE_RECURSION = YES;
				CLANG_WARN_INT_CONVERSION = YES;
				CLANG_WARN_OBJC_ROOT_CLASS = YES_ERROR;
				CLANG_WARN_SUSPICIOUS_MOVE = YES;
				CLANG_WARN_UNREACHABLE_CODE = YES;
				CLANG_WARN__DUPLICATE_METHOD_MATCH = YES;
				"CODE_SIGN_IDENTITY[sdk=iphoneos*]" = "iPhone Developer";
				COPY_PHASE_STRIP = NO;
				DEBUG_INFORMATION_FORMAT = dwarf;
				ENABLE_STRICT_OBJC_MSGSEND = YES;
				ENABLE_TESTABILITY = YES;
				GCC_C_LANGUAGE_STANDARD = gnu99;
				GCC_DYNAMIC_NO_PIC = NO;
				GCC_NO_COMMON_BLOCKS = YES;
				GCC_OPTIMIZATION_LEVEL = 0;
				GCC_PREPROCESSOR_DEFINITIONS = (
					"DEBUG=1",
					"$(inherited)",
				);
				GCC_WARN_64_TO_32_BIT_CONVERSION = YES;
				GCC_WARN_ABOUT_RETURN_TYPE = YES_ERROR;
				GCC_WARN_UNDECLARED_SELECTOR = YES;
				GCC_WARN_UNINITIALIZED_AUTOS = YES_AGGRESSIVE;
				GCC_WARN_UNUSED_FUNCTION = YES;
				GCC_WARN_UNUSED_VARIABLE = YES;
				IPHONEOS_DEPLOYMENT_TARGET = 8.0;
				MTL_ENABLE_DEBUG_INFO = YES;
				ONLY_ACTIVE_ARCH = YES;
				SDKROOT = iphoneos;
				SWIFT_ACTIVE_COMPILATION_CONDITIONS = DEBUG;
				SWIFT_OPTIMIZATION_LEVEL = "-Onone";
			};
			name = Debug;
		};
		B78320DE1EDE4EBC00A5B05A /* Release */ = {
			isa = XCBuildConfiguration;
			buildSettings = {
				ALWAYS_SEARCH_USER_PATHS = NO;
				CLANG_ANALYZER_NONNULL = YES;
				CLANG_ANALYZER_NUMBER_OBJECT_CONVERSION = YES_AGGRESSIVE;
				CLANG_CXX_LANGUAGE_STANDARD = "gnu++0x";
				CLANG_CXX_LIBRARY = "libc++";
				CLANG_ENABLE_MODULES = YES;
				CLANG_ENABLE_OBJC_ARC = YES;
				CLANG_WARN_BOOL_CONVERSION = YES;
				CLANG_WARN_CONSTANT_CONVERSION = YES;
				CLANG_WARN_DIRECT_OBJC_ISA_USAGE = YES_ERROR;
				CLANG_WARN_DOCUMENTATION_COMMENTS = YES;
				CLANG_WARN_EMPTY_BODY = YES;
				CLANG_WARN_ENUM_CONVERSION = YES;
				CLANG_WARN_INFINITE_RECURSION = YES;
				CLANG_WARN_INT_CONVERSION = YES;
				CLANG_WARN_OBJC_ROOT_CLASS = YES_ERROR;
				CLANG_WARN_SUSPICIOUS_MOVE = YES;
				CLANG_WARN_UNREACHABLE_CODE = YES;
				CLANG_WARN__DUPLICATE_METHOD_MATCH = YES;
				"CODE_SIGN_IDENTITY[sdk=iphoneos*]" = "iPhone Developer";
				COPY_PHASE_STRIP = NO;
				DEBUG_INFORMATION_FORMAT = "dwarf-with-dsym";
				ENABLE_NS_ASSERTIONS = NO;
				ENABLE_STRICT_OBJC_MSGSEND = YES;
				GCC_C_LANGUAGE_STANDARD = gnu99;
				GCC_NO_COMMON_BLOCKS = YES;
				GCC_WARN_64_TO_32_BIT_CONVERSION = YES;
				GCC_WARN_ABOUT_RETURN_TYPE = YES_ERROR;
				GCC_WARN_UNDECLARED_SELECTOR = YES;
				GCC_WARN_UNINITIALIZED_AUTOS = YES_AGGRESSIVE;
				GCC_WARN_UNUSED_FUNCTION = YES;
				GCC_WARN_UNUSED_VARIABLE = YES;
				IPHONEOS_DEPLOYMENT_TARGET = 8.0;
				MTL_ENABLE_DEBUG_INFO = NO;
				SDKROOT = iphoneos;
				SWIFT_OPTIMIZATION_LEVEL = "-Owholemodule";
				VALIDATE_PRODUCT = YES;
			};
			name = Release;
		};
		B78320E01EDE4EBC00A5B05A /* Debug */ = {
			isa = XCBuildConfiguration;
			buildSettings = {
				ASSETCATALOG_COMPILER_APPICON_NAME = AppIcon;
				DEVELOPMENT_TEAM = HPFGYJ88EX;
				INFOPLIST_FILE = InstagramHome/Info.plist;
				IPHONEOS_DEPLOYMENT_TARGET = 8.0;
				LD_RUNPATH_SEARCH_PATHS = "$(inherited) @executable_path/Frameworks";
				PRODUCT_BUNDLE_IDENTIFIER = rain.com.InstagramHome;
				PRODUCT_NAME = "$(TARGET_NAME)";
				SWIFT_VERSION = 3.0;
			};
			name = Debug;
		};
		B78320E11EDE4EBC00A5B05A /* Release */ = {
			isa = XCBuildConfiguration;
			buildSettings = {
				ASSETCATALOG_COMPILER_APPICON_NAME = AppIcon;
				DEVELOPMENT_TEAM = HPFGYJ88EX;
				INFOPLIST_FILE = InstagramHome/Info.plist;
				IPHONEOS_DEPLOYMENT_TARGET = 8.0;
				LD_RUNPATH_SEARCH_PATHS = "$(inherited) @executable_path/Frameworks";
				PRODUCT_BUNDLE_IDENTIFIER = rain.com.InstagramHome;
				PRODUCT_NAME = "$(TARGET_NAME)";
				SWIFT_VERSION = 3.0;
			};
			name = Release;
		};
		B78320E31EDE4EBC00A5B05A /* Debug */ = {
			isa = XCBuildConfiguration;
			buildSettings = {
				ALWAYS_EMBED_SWIFT_STANDARD_LIBRARIES = YES;
				BUNDLE_LOADER = "$(TEST_HOST)";
				DEVELOPMENT_TEAM = HPFGYJ88EX;
				INFOPLIST_FILE = InstagramHomeTests/Info.plist;
				LD_RUNPATH_SEARCH_PATHS = "$(inherited) @executable_path/Frameworks @loader_path/Frameworks";
				PRODUCT_BUNDLE_IDENTIFIER = rain.com.InstagramHomeTests;
				PRODUCT_NAME = "$(TARGET_NAME)";
				SWIFT_VERSION = 3.0;
				TEST_HOST = "$(BUILT_PRODUCTS_DIR)/InsHome.app/InsHome";
			};
			name = Debug;
		};
		B78320E41EDE4EBC00A5B05A /* Release */ = {
			isa = XCBuildConfiguration;
			buildSettings = {
				ALWAYS_EMBED_SWIFT_STANDARD_LIBRARIES = YES;
				BUNDLE_LOADER = "$(TEST_HOST)";
				DEVELOPMENT_TEAM = HPFGYJ88EX;
				INFOPLIST_FILE = InstagramHomeTests/Info.plist;
				LD_RUNPATH_SEARCH_PATHS = "$(inherited) @executable_path/Frameworks @loader_path/Frameworks";
				PRODUCT_BUNDLE_IDENTIFIER = rain.com.InstagramHomeTests;
				PRODUCT_NAME = "$(TARGET_NAME)";
				SWIFT_VERSION = 3.0;
				TEST_HOST = "$(BUILT_PRODUCTS_DIR)/InsHome.app/InsHome";
			};
			name = Release;
		};
		B78320E61EDE4EBC00A5B05A /* Debug */ = {
			isa = XCBuildConfiguration;
			buildSettings = {
				ALWAYS_EMBED_SWIFT_STANDARD_LIBRARIES = YES;
				DEVELOPMENT_TEAM = HPFGYJ88EX;
				INFOPLIST_FILE = InstagramHomeUITests/Info.plist;
				LD_RUNPATH_SEARCH_PATHS = "$(inherited) @executable_path/Frameworks @loader_path/Frameworks";
				PRODUCT_BUNDLE_IDENTIFIER = rain.com.InstagramHomeUITests;
				PRODUCT_NAME = "$(TARGET_NAME)";
				SWIFT_VERSION = 3.0;
				TEST_TARGET_NAME = InstagramHome;
			};
			name = Debug;
		};
		B78320E71EDE4EBC00A5B05A /* Release */ = {
			isa = XCBuildConfiguration;
			buildSettings = {
				ALWAYS_EMBED_SWIFT_STANDARD_LIBRARIES = YES;
				DEVELOPMENT_TEAM = HPFGYJ88EX;
				INFOPLIST_FILE = InstagramHomeUITests/Info.plist;
				LD_RUNPATH_SEARCH_PATHS = "$(inherited) @executable_path/Frameworks @loader_path/Frameworks";
				PRODUCT_BUNDLE_IDENTIFIER = rain.com.InstagramHomeUITests;
				PRODUCT_NAME = "$(TARGET_NAME)";
				SWIFT_VERSION = 3.0;
				TEST_TARGET_NAME = InstagramHome;
			};
			name = Release;
		};
/* End XCBuildConfiguration section */

/* Begin XCConfigurationList section */
		B78320B21EDE4EBC00A5B05A /* Build configuration list for PBXProject "InsHome" */ = {
			isa = XCConfigurationList;
			buildConfigurations = (
				B78320DD1EDE4EBC00A5B05A /* Debug */,
				B78320DE1EDE4EBC00A5B05A /* Release */,
			);
			defaultConfigurationIsVisible = 0;
			defaultConfigurationName = Release;
		};
		B78320DF1EDE4EBC00A5B05A /* Build configuration list for PBXNativeTarget "InsHome" */ = {
			isa = XCConfigurationList;
			buildConfigurations = (
				B78320E01EDE4EBC00A5B05A /* Debug */,
				B78320E11EDE4EBC00A5B05A /* Release */,
			);
			defaultConfigurationIsVisible = 0;
			defaultConfigurationName = Release;
		};
		B78320E21EDE4EBC00A5B05A /* Build configuration list for PBXNativeTarget "InsHomeTests" */ = {
			isa = XCConfigurationList;
			buildConfigurations = (
				B78320E31EDE4EBC00A5B05A /* Debug */,
				B78320E41EDE4EBC00A5B05A /* Release */,
			);
			defaultConfigurationIsVisible = 0;
			defaultConfigurationName = Release;
		};
		B78320E51EDE4EBC00A5B05A /* Build configuration list for PBXNativeTarget "InsHomeUITests" */ = {
			isa = XCConfigurationList;
			buildConfigurations = (
				B78320E61EDE4EBC00A5B05A /* Debug */,
				B78320E71EDE4EBC00A5B05A /* Release */,
			);
			defaultConfigurationIsVisible = 0;
			defaultConfigurationName = Release;
		};
/* End XCConfigurationList section */
	};
	rootObject = B78320AF1EDE4EBC00A5B05A /* Project object */;
}
